
Microsoft Visual Studio Solution File, Format Version 12.00
# Visual Studio Version 17
VisualStudioVersion = 17.7.34024.191
MinimumVisualStudioVersion = 10.0.40219.1
Project("{FAE04EC0-301F-11D3-BF4B-00C04F79EFBC}") = "A11YExplained.Api", "A11YExplained.Api\A11YExplained.Api.csproj", "{59964D46-0C29-4CF9-9E05-6DBACB5C4EF3}"
EndProject
Global
	GlobalSection(SolutionConfigurationPlatforms) = preSolution
		Debug|Any CPU = Debug|Any CPU
		Release|Any CPU = Release|Any CPU
	EndGlobalSection
	GlobalSection(ProjectConfigurationPlatforms) = postSolution
		{59964D46-0C29-4CF9-9E05-6DBACB5C4EF3}.Debug|Any CPU.ActiveCfg = Debug|Any CPU
		{59964D46-0C29-4CF9-9E05-6DBACB5C4EF3}.Debug|Any CPU.Build.0 = Debug|Any CPU
		{59964D46-0C29-4CF9-9E05-6DBACB5C4EF3}.Release|Any CPU.ActiveCfg = Release|Any CPU
		{59964D46-0C29-4CF9-9E05-6DBACB5C4EF3}.Release|Any CPU.Build.0 = Release|Any CPU
	EndGlobalSection
	GlobalSection(SolutionProperties) = preSolution
		HideSolutionNode = FALSE
	EndGlobalSection
	GlobalSection(ExtensibilityGlobals) = postSolution
		SolutionGuid = {24A1232A-7595-4198-9A35-A3CA4CD8A6D7}
	EndGlobalSection
EndGlobal
